Microsoft Visual Studio Solution File, Format Version 12.00
# Visual Studio Version 17
VisualStudioVersion = 17.5.2.0
MinimumVisualStudioVersion = 10.0.40219.1
Project("{FAE04EC0-301F-11D3-BF4B-00C04F79EFBC}") = "curso", "curso\curso.csproj", "{86A98785-C8A1-A598-9375-8111CDF6981F}"
EndProject
Global
	GlobalSection(SolutionConfigurationPlatforms) = preSolution
		Debug|Any CPU = Debug|Any CPU
		Release|Any CPU = Release|Any CPU
	EndGlobalSection
	GlobalSection(ProjectConfigurationPlatforms) = postSolution
		{86A98785-C8A1-A598-9375-8111CDF6981F}.Debug|Any CPU.ActiveCfg = Debug|Any CPU
		{86A98785-C8A1-A598-9375-8111CDF6981F}.Debug|Any CPU.Build.0 = Debug|Any CPU
		{86A98785-C8A1-A598-9375-8111CDF6981F}.Release|Any CPU.ActiveCfg = Release|Any CPU
		{86A98785-C8A1-A598-9375-8111CDF6981F}.Release|Any CPU.Build.0 = Release|Any CPU
	EndGlobalSection
	GlobalSection(SolutionProperties) = preSolution
		HideSolutionNode = FALSE
	EndGlobalSection
	GlobalSection(ExtensibilityGlobals) = postSolution
		SolutionGuid = {BFF52B15-E45E-4459-8BD4-93697EA6C2FF}
	EndGlobalSection
EndGlobal
